// !$*UTF8*$!
{
	archiveVersion = 1;
	classes = {
	};
	objectVersion = 51;
	objects = {

/* Begin PBXBuildFile section */
		294ADD19AB673D7E979DE5D0 /* Pods_emailPasswordSingIn.framework in Frameworks */ = {isa = PBXBuildFile; fileRef = 39A3AD2CB8C543FC2F22C4A5 /* Pods_emailPasswordSingIn.framework */; };
		4086F2DB25B16B6700D42C69 /* AppDelegate.swift in Sources */ = {isa = PBXBuildFile; fileRef = 4086F2DA25B16B6700D42C69 /* AppDelegate.swift */; };
		4086F2DD25B16B6700D42C69 /* SceneDelegate.swift in Sources */ = {isa = PBXBuildFile; fileRef = 4086F2DC25B16B6700D42C69 /* SceneDelegate.swift */; };
		4086F2DF25B16B6700D42C69 /* ViewController.swift in Sources */ = {isa = PBXBuildFile; fileRef = 4086F2DE25B16B6700D42C69 /* ViewController.swift */; };
		4086F2E225B16B6700D42C69 /* Main.storyboard in Resources */ = {isa = PBXBuildFile; fileRef = 4086F2E025B16B6700D42C69 /* Main.storyboard */; };
		4086F2E425B16B6800D42C69 /* Assets.xcassets in Resources */ = {isa = PBXBuildFile; fileRef = 4086F2E325B16B6800D42C69 /* Assets.xcassets */; };
		4086F2E725B16B6800D42C69 /* LaunchScreen.storyboard in Resources */ = {isa = PBXBuildFile; fileRef = 4086F2E525B16B6800D42C69 /* LaunchScreen.storyboard */; };
		4086F2F025B16B9C00D42C69 /* GoogleService-Info.plist in Resources */ = {isa = PBXBuildFile; fileRef = 4086F2EF25B16B9C00D42C69 /* GoogleService-Info.plist */; };
/* End PBXBuildFile section */

/* Begin PBXFileReference section */
		39A3AD2CB8C543FC2F22C4A5 /* Pods_emailPasswordSingIn.framework */ = {isa = PBXFileReference; explicitFileType = wrapper.framework; includeInIndex = 0; path = Pods_emailPasswordSingIn.framework; sourceTree = BUILT_PRODUCTS_DIR; };
		4086F2D725B16B6700D42C69 /* emailPasswordSingIn.app */ = {isa = PBXFileReference; explicitFileType = wrapper.application; includeInIndex = 0; path = emailPasswordSingIn.app; sourceTree = BUILT_PRODUCTS_DIR; };
		4086F2DA25B16B6700D42C69 /* AppDelegate.swift */ = {isa = PBXFileReference; lastKnownFileType = sourcecode.swift; path = AppDelegate.swift; sourceTree = "<group>"; };
		4086F2DC25B16B6700D42C69 /* SceneDelegate.swift */ = {isa = PBXFileReference; lastKnownFileType = sourcecode.swift; path = SceneDelegate.swift; sourceTree = "<group>"; };
		4086F2DE25B16B6700D42C69 /* ViewController.swift */ = {isa = PBXFileReference; lastKnownFileType = sourcecode.swift; path = ViewController.swift; sourceTree = "<group>"; };
		4086F2E125B16B6700D42C69 /* Base */ = {isa = PBXFileReference; lastKnownFileType = file.storyboard; name = Base; path = Base.lproj/Main.storyboard; sourceTree = "<group>"; };
		4086F2E325B16B6800D42C69 /* Assets.xcassets */ = {isa = PBXFileReference; lastKnownFileType = folder.assetcatalog; path = Assets.xcassets; sourceTree = "<group>"; };
		4086F2E625B16B6800D42C69 /* Base */ = {isa = PBXFileReference; lastKnownFileType = file.storyboard; name = Base; path = Base.lproj/LaunchScreen.storyboard; sourceTree = "<group>"; };
		4086F2E825B16B6800D42C69 /* Info.plist */ = {isa = PBXFileReference; lastKnownFileType = text.plist.xml; path = Info.plist; sourceTree = "<group>"; };
		4086F2EF25B16B9C00D42C69 /* GoogleService-Info.plist */ = {isa = PBXFileReference; fileEncoding = 4; lastKnownFileType = text.plist.xml; path = "GoogleService-Info.plist"; sourceTree = "<group>"; };
		AF733EDE82ABAEFD2CDEFAF9 /* Pods-emailPasswordSingIn.debug.xcconfig */ = {isa = PBXFileReference; includeInIndex = 1; lastKnownFileType = text.xcconfig; name = "Pods-emailPasswordSingIn.debug.xcconfig"; path = "Target Support Files/Pods-emailPasswordSingIn/Pods-emailPasswordSingIn.debug.xcconfig"; sourceTree = "<group>"; };
		C46B25152F6BD3438D64D165 /* Pods-emailPasswordSingIn.release.xcconfig */ = {isa = PBXFileReference; includeInIndex = 1; lastKnownFileType = text.xcconfig; name = "Pods-emailPasswordSingIn.release.xcconfig"; path = "Target Support Files/Pods-emailPasswordSingIn/Pods-emailPasswordSingIn.release.xcconfig"; sourceTree = "<group>"; };
/* End PBXFileReference section */

/* Begin PBXFrameworksBuildPhase section */
		4086F2D425B16B6700D42C69 /* Frameworks */ = {
			isa = PBXFrameworksBuildPhase;
			buildActionMask = 2147483647;
			files = (
				294ADD19AB673D7E979DE5D0 /* Pods_emailPasswordSingIn.framework in Frameworks */,
			);
			runOnlyForDeploymentPostprocessing = 0;
		};
/* End PBXFrameworksBuildPhase section */

/* Begin PBXGroup section */
		126B9840C292616410079735 /* Frameworks */ = {
			isa = PBXGroup;
			children = (
				39A3AD2CB8C543FC2F22C4A5 /* Pods_emailPasswordSingIn.framework */,
			);
			name = Frameworks;
			sourceTree = "<group>";
		};
		404816F025B16E1A0076ADC3 /* Supporting Files */ = {
			isa = PBXGroup;
			children = (
				4086F2DA25B16B6700D42C69 /* AppDelegate.swift */,
				4086F2DC25B16B6700D42C69 /* SceneDelegate.swift */,
				4086F2E325B16B6800D42C69 /* Assets.xcassets */,
				4086F2E525B16B6800D42C69 /* LaunchScreen.storyboard */,
				4086F2EF25B16B9C00D42C69 /* GoogleService-Info.plist */,
				4086F2E825B16B6800D42C69 /* Info.plist */,
			);
			name = "Supporting Files";
			sourceTree = "<group>";
		};
		4086F2CE25B16B6600D42C69 = {
			isa = PBXGroup;
			children = (
				4086F2D925B16B6700D42C69 /* emailPasswordSingIn */,
				4086F2D825B16B6700D42C69 /* Products */,
				774670E9EA3015D01D633AB2 /* Pods */,
				126B9840C292616410079735 /* Frameworks */,
			);
			sourceTree = "<group>";
		};
		4086F2D825B16B6700D42C69 /* Products */ = {
			isa = PBXGroup;
			children = (
				4086F2D725B16B6700D42C69 /* emailPasswordSingIn.app */,
			);
			name = Products;
			sourceTree = "<group>";
		};
		4086F2D925B16B6700D42C69 /* emailPasswordSingIn */ = {
			isa = PBXGroup;
			children = (
				4086F2DE25B16B6700D42C69 /* ViewController.swift */,
				4086F2E025B16B6700D42C69 /* Main.storyboard */,
				404816F025B16E1A0076ADC3 /* Supporting Files */,
			);
			path = emailPasswordSingIn;
			sourceTree = "<group>";
		};
		774670E9EA3015D01D633AB2 /* Pods */ = {
			isa = PBXGroup;
			children = (
				AF733EDE82ABAEFD2CDEFAF9 /* Pods-emailPasswordSingIn.debug.xcconfig */,
				C46B25152F6BD3438D64D165 /* Pods-emailPasswordSingIn.release.xcconfig */,
			);
			path = Pods;
			sourceTree = "<group>";
		};
/* End PBXGroup section */

/* Begin PBXNativeTarget section */
		4086F2D625B16B6700D42C69 /* emailPasswordSingIn */ = {
			isa = PBXNativeTarget;
			buildConfigurationList = 4086F2EB25B16B6800D42C69 /* Build configuration list for PBXNativeTarget "emailPasswordSingIn" */;
			buildPhases = (
				7CD2B7F4E0604779C81C4C6E /* [CP] Check Pods Manifest.lock */,
				4086F2D325B16B6700D42C69 /* Sources */,
				4086F2D425B16B6700D42C69 /* Frameworks */,
				4086F2D525B16B6700D42C69 /* Resources */,
				62E3D0EBFEA59DFBDEA8C43A /* [CP] Embed Pods Frameworks */,
			);
			buildRules = (
			);
			dependencies = (
			);
			name = emailPasswordSingIn;
			productName = emailPasswordSingIn;
			productReference = 4086F2D725B16B6700D42C69 /* emailPasswordSingIn.app */;
			productType = "com.apple.product-type.application";
		};
/* End PBXNativeTarget section */

/* Begin PBXProject section */
		4086F2CF25B16B6600D42C69 /* Project object */ = {
			isa = PBXProject;
			attributes = {
				LastSwiftUpdateCheck = 1230;
				LastUpgradeCheck = 1230;
				TargetAttributes = {
					4086F2D625B16B6700D42C69 = {
						CreatedOnToolsVersion = 12.3;
					};
				};
			};
			buildConfigurationList = 4086F2D225B16B6600D42C69 /* Build configuration list for PBXProject "emailPasswordSingIn" */;
			compatibilityVersion = "Xcode 9.3";
			developmentRegion = en;
			hasScannedForEncodings = 0;
			knownRegions = (
				en,
				Base,
			);
			mainGroup = 4086F2CE25B16B6600D42C69;
			productRefGroup = 4086F2D825B16B6700D42C69 /* Products */;
			projectDirPath = "";
			projectRoot = "";
			targets = (
				4086F2D625B16B6700D42C69 /* emailPasswordSingIn */,
			);
		};
/* End PBXProject section */

/* Begin PBXResourcesBuildPhase section */
		4086F2D525B16B6700D42C69 /* Resources */ = {
			isa = PBXResourcesBuildPhase;
			buildActionMask = 2147483647;
			files = (
				4086F2E725B16B6800D42C69 /* LaunchScreen.storyboard in Resources */,
				4086F2F025B16B9C00D42C69 /* GoogleService-Info.plist in Resources */,
				4086F2E425B16B6800D42C69 /* Assets.xcassets in Resources */,
				4086F2E225B16B6700D42C69 /* Main.storyboard in Resources */,
			);
			runOnlyForDeploymentPostprocessing = 0;
		};
/* End PBXResourcesBuildPhase section */

/* Begin PBXShellScriptBuildPhase section */
		62E3D0EBFEA59DFBDEA8C43A /* [CP] Embed Pods Frameworks */ = {
			isa = PBXShellScriptBuildPhase;
			buildActionMask = 2147483647;
			files = (
			);
			inputFileListPaths = (
				"${PODS_ROOT}/Target Support Files/Pods-emailPasswordSingIn/Pods-emailPasswordSingIn-frameworks-${CONFIGURATION}-input-files.xcfilelist",
			);
			name = "[CP] Embed Pods Frameworks";
			outputFileListPaths = (
				"${PODS_ROOT}/Target Support Files/Pods-emailPasswordSingIn/Pods-emailPasswordSingIn-frameworks-${CONFIGURATION}-output-files.xcfilelist",
			);
			runOnlyForDeploymentPostprocessing = 0;
			shellPath = /bin/sh;
			shellScript = "\"${PODS_ROOT}/Target Support Files/Pods-emailPasswordSingIn/Pods-emailPasswordSingIn-frameworks.sh\"\n";
			showEnvVarsInLog = 0;
		};
		7CD2B7F4E0604779C81C4C6E /* [CP] Check Pods Manifest.lock */ = {
			isa = PBXShellScriptBuildPhase;
			buildActionMask = 2147483647;
			files = (
			);
			inputFileListPaths = (
			);
			inputPaths = (
				"${PODS_PODFILE_DIR_PATH}/Podfile.lock",
				"${PODS_ROOT}/Manifest.lock",
			);
			name = "[CP] Check Pods Manifest.lock";
			outputFileListPaths = (
			);
			outputPaths = (
				"$(DERIVED_FILE_DIR)/Pods-emailPasswordSingIn-checkManifestLockResult.txt",
			);
			runOnlyForDeploymentPostprocessing = 0;
			shellPath = /bin/sh;
			shellScript = "diff \"${PODS_PODFILE_DIR_PATH}/Podfile.lock\" \"${PODS_ROOT}/Manifest.lock\" > /dev/null\nif [ $? != 0 ] ; then\n    # print error to STDERR\n    echo \"error: The sandbox is not in sync with the Podfile.lock. Run 'pod install' or update your CocoaPods installation.\" >&2\n    exit 1\nfi\n# This output is used by Xcode 'outputs' to avoid re-running this script phase.\necho \"SUCCESS\" > \"${SCRIPT_OUTPUT_FILE_0}\"\n";
			showEnvVarsInLog = 0;
		};
/* End PBXShellScriptBuildPhase section */

/* Begin PBXSourcesBuildPhase section */
		4086F2D325B16B6700D42C69 /* Sources */ = {
			isa = PBXSourcesBuildPhase;
			buildActionMask = 2147483647;
			files = (
				4086F2DF25B16B6700D42C69 /* ViewController.swift in Sources */,
				4086F2DB25B16B6700D42C69 /* AppDelegate.swift in Sources */,
				4086F2DD25B16B6700D42C69 /* SceneDelegate.swift in Sources */,
			);
			runOnlyForDeploymentPostprocessing = 0;
		};
/* End PBXSourcesBuildPhase section */

/* Begin PBXVariantGroup section */
		4086F2E025B16B6700D42C69 /* Main.storyboard */ = {
			isa = PBXVariantGroup;
			children = (
				4086F2E125B16B6700D42C69 /* Base */,
			);
			name = Main.storyboard;
			sourceTree = "<group>";
		};
		4086F2E525B16B6800D42C69 /* LaunchScreen.storyboard */ = {
			isa = PBXVariantGroup;
			children = (
				4086F2E625B16B6800D42C69 /* Base */,
			);
			name = LaunchScreen.storyboard;
			sourceTree = "<group>";
		};
/* End PBXVariantGroup section */

/* Begin XCBuildConfiguration section */
		4086F2E925B16B6800D42C69 /* Debug */ = {
			isa = XCBuildConfiguration;
			buildSettings = {
				ALWAYS_SEARCH_USER_PATHS = NO;
				CLANG_ANALYZER_NONNULL = YES;
				CLANG_ANALYZER_NUMBER_OBJECT_CONVERSION = YES_AGGRESSIVE;
				CLANG_CXX_LANGUAGE_STANDARD = "gnu++14";
				CLANG_CXX_LIBRARY = "libc++";
				CLANG_ENABLE_MODULES = YES;
				CLANG_ENABLE_OBJC_ARC = YES;
				CLANG_ENABLE_OBJC_WEAK = YES;
				CLANG_WARN_BLOCK_CAPTURE_AUTORELEASING = YES;
				CLANG_WARN_BOOL_CONVERSION = YES;
				CLANG_WARN_COMMA = YES;
				CLANG_WARN_CONSTANT_CONVERSION = YES;
				CLANG_WARN_DEPRECATED_OBJC_IMPLEMENTATIONS = YES;
				CLANG_WARN_DIRECT_OBJC_ISA_USAGE = YES_ERROR;
				CLANG_WARN_DOCUMENTATION_COMMENTS = YES;
				CLANG_WARN_EMPTY_BODY = YES;
				CLANG_WARN_ENUM_CONVERSION = YES;
				CLANG_WARN_INFINITE_RECURSION = YES;
				CLANG_WARN_INT_CONVERSION = YES;
				CLANG_WARN_NON_LITERAL_NULL_CONVERSION = YES;
				CLANG_WARN_OBJC_IMPLICIT_RETAIN_SELF = YES;
				CLANG_WARN_OBJC_LITERAL_CONVERSION = YES;
				CLANG_WARN_OBJC_ROOT_CLASS = YES_ERROR;
				CLANG_WARN_QUOTED_INCLUDE_IN_FRAMEWORK_HEADER = YES;
				CLANG_WARN_RANGE_LOOP_ANALYSIS = YES;
				CLANG_WARN_STRICT_PROTOTYPES = YES;
				CLANG_WARN_SUSPICIOUS_MOVE = YES;
				CLANG_WARN_UNGUARDED_AVAILABILITY = YES_AGGRESSIVE;
				CLANG_WARN_UNREACHABLE_CODE = YES;
				CLANG_WARN__DUPLICATE_METHOD_MATCH = YES;
				COPY_PHASE_STRIP = NO;
				DEBUG_INFORMATION_FORMAT = dwarf;
				ENABLE_STRICT_OBJC_MSGSEND = YES;
				ENABLE_TESTABILITY = YES;
				GCC_C_LANGUAGE_STANDARD = gnu11;
				GCC_DYNAMIC_NO_PIC = NO;
				GCC_NO_COMMON_BLOCKS = YES;
				GCC_OPTIMIZATION_LEVEL = 0;
				GCC_PREPROCESSOR_DEFINITIONS = (
					"DEBUG=1",
					"$(inherited)",
				);
				GCC_WARN_64_TO_32_BIT_CONVERSION = YES;
				GCC_WARN_ABOUT_RETURN_TYPE = YES_ERROR;
				GCC_WARN_UNDECLARED_SELECTOR = YES;
				GCC_WARN_UNINITIALIZED_AUTOS = YES_AGGRESSIVE;
				GCC_WARN_UNUSED_FUNCTION = YES;
				GCC_WARN_UNUSED_VARIABLE = YES;
				IPHONEOS_DEPLOYMENT_TARGET = 14.3;
				MTL_ENABLE_DEBUG_INFO = INCLUDE_SOURCE;
				MTL_FAST_MATH = YES;
				ONLY_ACTIVE_ARCH = YES;
				SDKROOT = iphoneos;
				SWIFT_ACTIVE_COMPILATION_CONDITIONS = DEBUG;
				SWIFT_OPTIMIZATION_LEVEL = "-Onone";
			};
			name = Debug;
		};
		4086F2EA25B16B6800D42C69 /* Release */ = {
			isa = XCBuildConfiguration;
			buildSettings = {
				ALWAYS_SEARCH_USER_PATHS = NO;
				CLANG_ANALYZER_NONNULL = YES;
				CLANG_ANALYZER_NUMBER_OBJECT_CONVERSION = YES_AGGRESSIVE;
				CLANG_CXX_LANGUAGE_STANDARD = "gnu++14";
				CLANG_CXX_LIBRARY = "libc++";
				CLANG_ENABLE_MODULES = YES;
				CLANG_ENABLE_OBJC_ARC = YES;
				CLANG_ENABLE_OBJC_WEAK = YES;
				CLANG_WARN_BLOCK_CAPTURE_AUTORELEASING = YES;
				CLANG_WARN_BOOL_CONVERSION = YES;
				CLANG_WARN_COMMA = YES;
				CLANG_WARN_CONSTANT_CONVERSION = YES;
				CLANG_WARN_DEPRECATED_OBJC_IMPLEMENTATIONS = YES;
				CLANG_WARN_DIRECT_OBJC_ISA_USAGE = YES_ERROR;
				CLANG_WARN_DOCUMENTATION_COMMENTS = YES;
				CLANG_WARN_EMPTY_BODY = YES;
				CLANG_WARN_ENUM_CONVERSION = YES;
				CLANG_WARN_INFINITE_RECURSION = YES;
				CLANG_WARN_INT_CONVERSION = YES;
				CLANG_WARN_NON_LITERAL_NULL_CONVERSION = YES;
				CLANG_WARN_OBJC_IMPLICIT_RETAIN_SELF = YES;
				CLANG_WARN_OBJC_LITERAL_CONVERSION = YES;
				CLANG_WARN_OBJC_ROOT_CLASS = YES_ERROR;
				CLANG_WARN_QUOTED_INCLUDE_IN_FRAMEWORK_HEADER = YES;
				CLANG_WARN_RANGE_LOOP_ANALYSIS = YES;
				CLANG_WARN_STRICT_PROTOTYPES = YES;
				CLANG_WARN_SUSPICIOUS_MOVE = YES;
				CLANG_WARN_UNGUARDED_AVAILABILITY = YES_AGGRESSIVE;
				CLANG_WARN_UNREACHABLE_CODE = YES;
				CLANG_WARN__DUPLICATE_METHOD_MATCH = YES;
				COPY_PHASE_STRIP = NO;
				DEBUG_INFORMATION_FORMAT = "dwarf-with-dsym";
				ENABLE_NS_ASSERTIONS = NO;
				ENABLE_STRICT_OBJC_MSGSEND = YES;
				GCC_C_LANGUAGE_STANDARD = gnu11;
				GCC_NO_COMMON_BLOCKS = YES;
				GCC_WARN_64_TO_32_BIT_CONVERSION = YES;
				GCC_WARN_ABOUT_RETURN_TYPE = YES_ERROR;
				GCC_WARN_UNDECLARED_SELECTOR = YES;
				GCC_WARN_UNINITIALIZED_AUTOS = YES_AGGRESSIVE;
				GCC_WARN_UNUSED_FUNCTION = YES;
				GCC_WARN_UNUSED_VARIABLE = YES;
				IPHONEOS_DEPLOYMENT_TARGET = 14.3;
				MTL_ENABLE_DEBUG_INFO = NO;
				MTL_FAST_MATH = YES;
				SDKROOT = iphoneos;
				SWIFT_COMPILATION_MODE = wholemodule;
				SWIFT_OPTIMIZATION_LEVEL = "-O";
				VALIDATE_PRODUCT = YES;
			};
			name = Release;
		};
		4086F2EC25B16B6800D42C69 /* Debug */ = {
			isa = XCBuildConfiguration;
			baseConfigurationReference = AF733EDE82ABAEFD2CDEFAF9 /* Pods-emailPasswordSingIn.debug.xcconfig */;
			buildSettings = {
				ASSETCATALOG_COMPILER_APPICON_NAME = AppIcon;
				ASSETCATALOG_COMPILER_GLOBAL_ACCENT_COLOR_NAME = AccentColor;
				CODE_SIGN_STYLE = Automatic;
				DEVELOPMENT_TEAM = 3Y322LSDU5;
				INFOPLIST_FILE = emailPasswordSingIn/Info.plist;
				LD_RUNPATH_SEARCH_PATHS = (
					"$(inherited)",
					"@executable_path/Frameworks",
				);
				PRODUCT_BUNDLE_IDENTIFIER = com.zm1capps.emailPasswordSingIn;
				PRODUCT_NAME = "$(TARGET_NAME)";
				SWIFT_VERSION = 5.0;
				TARGETED_DEVICE_FAMILY = "1,2";
			};
			name = Debug;
		};
		4086F2ED25B16B6800D42C69 /* Release */ = {
			isa = XCBuildConfiguration;
			baseConfigurationReference = C46B25152F6BD3438D64D165 /* Pods-emailPasswordSingIn.release.xcconfig */;
			buildSettings = {
				ASSETCATALOG_COMPILER_APPICON_NAME = AppIcon;
				ASSETCATALOG_COMPILER_GLOBAL_ACCENT_COLOR_NAME = AccentColor;
				CODE_SIGN_STYLE = Automatic;
				DEVELOPMENT_TEAM = 3Y322LSDU5;
				INFOPLIST_FILE = emailPasswordSingIn/Info.plist;
				LD_RUNPATH_SEARCH_PATHS = (
					"$(inherited)",
					"@executable_path/Frameworks",
				);
				PRODUCT_BUNDLE_IDENTIFIER = com.zm1capps.emailPasswordSingIn;
				PRODUCT_NAME = "$(TARGET_NAME)";
				SWIFT_VERSION = 5.0;
				TARGETED_DEVICE_FAMILY = "1,2";
			};
			name = Release;
		};
/* End XCBuildConfiguration section */

/* Begin XCConfigurationList section */
		4086F2D225B16B6600D42C69 /* Build configuration list for PBXProject "emailPasswordSingIn" */ = {
			isa = XCConfigurationList;
			buildConfigurations = (
				4086F2E925B16B6800D42C69 /* Debug */,
				4086F2EA25B16B6800D42C69 /* Release */,
			);
			defaultConfigurationIsVisible = 0;
			defaultConfigurationName = Release;
		};
		4086F2EB25B16B6800D42C69 /* Build configuration list for PBXNativeTarget "emailPasswordSingIn" */ = {
			isa = XCConfigurationList;
			buildConfigurations = (
				4086F2EC25B16B6800D42C69 /* Debug */,
				4086F2ED25B16B6800D42C69 /* Release */,
			);
			defaultConfigurationIsVisible = 0;
			defaultConfigurationName = Release;
		};
/* End XCConfigurationList section */
	};
	rootObject = 4086F2CF25B16B6600D42C69 /* Project object */;
}
